
Microsoft Visual Studio Solution File, Format Version 12.00
# Visual Studio Version 17
VisualStudioVersion = 17.0.31903.59
MinimumVisualStudioVersion = 10.0.40219.1
Project("{FAE04EC0-301F-11D3-BF4B-00C04F79EFBC}") = "Tests", "tests\Tests.csproj", "{C6E5030B-EA72-4B3D-8B18-712BEE83C9DE}"
EndProject
Project("{2150E333-8FDC-42A3-9474-1A3956D46DE8}") = "src", "src", "{827E0CD3-B72D-47B6-A68D-7590B98EB39B}"
EndProject
Project("{FAE04EC0-301F-11D3-BF4B-00C04F79EFBC}") = "Products", "src\Products\Products.csproj", "{8AC3816F-E224-450C-98DC-B13BAF0D144E}"
EndProject
Project("{FAE04EC0-301F-11D3-BF4B-00C04F79EFBC}") = "Users", "src\Users\Users.csproj", "{76AB5C12-D5BD-4861-A79D-069F1D3337FC}"
EndProject
Global
	GlobalSection(SolutionConfigurationPlatforms) = preSolution
		Debug|Any CPU = Debug|Any CPU
		Debug|x64 = Debug|x64
		Debug|x86 = Debug|x86
		Release|Any CPU = Release|Any CPU
		Release|x64 = Release|x64
		Release|x86 = Release|x86
	EndGlobalSection
	GlobalSection(ProjectConfigurationPlatforms) = postSolution
		{C6E5030B-EA72-4B3D-8B18-712BEE83C9DE}.Debug|Any CPU.ActiveCfg = Debug|Any CPU
		{C6E5030B-EA72-4B3D-8B18-712BEE83C9DE}.Debug|Any CPU.Build.0 = Debug|Any CPU
		{C6E5030B-EA72-4B3D-8B18-712BEE83C9DE}.Debug|x64.ActiveCfg = Debug|Any CPU
		{C6E5030B-EA72-4B3D-8B18-712BEE83C9DE}.Debug|x64.Build.0 = Debug|Any CPU
		{C6E5030B-EA72-4B3D-8B18-712BEE83C9DE}.Debug|x86.ActiveCfg = Debug|Any CPU
		{C6E5030B-EA72-4B3D-8B18-712BEE83C9DE}.Debug|x86.Build.0 = Debug|Any CPU
		{C6E5030B-EA72-4B3D-8B18-712BEE83C9DE}.Release|Any CPU.ActiveCfg = Release|Any CPU
		{C6E5030B-EA72-4B3D-8B18-712BEE83C9DE}.Release|Any CPU.Build.0 = Release|Any CPU
		{C6E5030B-EA72-4B3D-8B18-712BEE83C9DE}.Release|x64.ActiveCfg = Release|Any CPU
		{C6E5030B-EA72-4B3D-8B18-712BEE83C9DE}.Release|x64.Build.0 = Release|Any CPU
		{C6E5030B-EA72-4B3D-8B18-712BEE83C9DE}.Release|x86.ActiveCfg = Release|Any CPU
		{C6E5030B-EA72-4B3D-8B18-712BEE83C9DE}.Release|x86.Build.0 = Release|Any CPU
		{8AC3816F-E224-450C-98DC-B13BAF0D144E}.Debug|Any CPU.ActiveCfg = Debug|Any CPU
		{8AC3816F-E224-450C-98DC-B13BAF0D144E}.Debug|Any CPU.Build.0 = Debug|Any CPU
		{8AC3816F-E224-450C-98DC-B13BAF0D144E}.Debug|x64.ActiveCfg = Debug|Any CPU
		{8AC3816F-E224-450C-98DC-B13BAF0D144E}.Debug|x64.Build.0 = Debug|Any CPU
		{8AC3816F-E224-450C-98DC-B13BAF0D144E}.Debug|x86.ActiveCfg = Debug|Any CPU
		{8AC3816F-E224-450C-98DC-B13BAF0D144E}.Debug|x86.Build.0 = Debug|Any CPU
		{8AC3816F-E224-450C-98DC-B13BAF0D144E}.Release|Any CPU.ActiveCfg = Release|Any CPU
		{8AC3816F-E224-450C-98DC-B13BAF0D144E}.Release|Any CPU.Build.0 = Release|Any CPU
		{8AC3816F-E224-450C-98DC-B13BAF0D144E}.Release|x64.ActiveCfg = Release|Any CPU
		{8AC3816F-E224-450C-98DC-B13BAF0D144E}.Release|x64.Build.0 = Release|Any CPU
		{8AC3816F-E224-450C-98DC-B13BAF0D144E}.Release|x86.ActiveCfg = Release|Any CPU
		{8AC3816F-E224-450C-98DC-B13BAF0D144E}.Release|x86.Build.0 = Release|Any CPU
		{76AB5C12-D5BD-4861-A79D-069F1D3337FC}.Debug|Any CPU.ActiveCfg = Debug|Any CPU
		{76AB5C12-D5BD-4861-A79D-069F1D3337FC}.Debug|Any CPU.Build.0 = Debug|Any CPU
		{76AB5C12-D5BD-4861-A79D-069F1D3337FC}.Debug|x64.ActiveCfg = Debug|Any CPU
		{76AB5C12-D5BD-4861-A79D-069F1D3337FC}.Debug|x64.Build.0 = Debug|Any CPU
		{76AB5C12-D5BD-4861-A79D-069F1D3337FC}.Debug|x86.ActiveCfg = Debug|Any CPU
		{76AB5C12-D5BD-4861-A79D-069F1D3337FC}.Debug|x86.Build.0 = Debug|Any CPU
		{76AB5C12-D5BD-4861-A79D-069F1D3337FC}.Release|Any CPU.ActiveCfg = Release|Any CPU
		{76AB5C12-D5BD-4861-A79D-069F1D3337FC}.Release|Any CPU.Build.0 = Release|Any CPU
		{76AB5C12-D5BD-4861-A79D-069F1D3337FC}.Release|x64.ActiveCfg = Release|Any CPU
		{76AB5C12-D5BD-4861-A79D-069F1D3337FC}.Release|x64.Build.0 = Release|Any CPU
		{76AB5C12-D5BD-4861-A79D-069F1D3337FC}.Release|x86.ActiveCfg = Release|Any CPU
		{76AB5C12-D5BD-4861-A79D-069F1D3337FC}.Release|x86.Build.0 = Release|Any CPU
	EndGlobalSection
	GlobalSection(SolutionProperties) = preSolution
		HideSolutionNode = FALSE
	EndGlobalSection
	GlobalSection(NestedProjects) = preSolution
		{8AC3816F-E224-450C-98DC-B13BAF0D144E} = {827E0CD3-B72D-47B6-A68D-7590B98EB39B}
		{76AB5C12-D5BD-4861-A79D-069F1D3337FC} = {827E0CD3-B72D-47B6-A68D-7590B98EB39B}
	EndGlobalSection
EndGlobal
