
Microsoft Visual Studio Solution File, Format Version 12.00
# Visual Studio Version 17
VisualStudioVersion = 17.14.36804.6 d17.14
MinimumVisualStudioVersion = 10.0.40219.1
Project("{FAE04EC0-301F-11D3-BF4B-00C04F79EFBC}") = "cs_api", "cs_api.csproj", "{D8DECD57-D074-4FD6-B7DF-5F3313C3AD2A}"
EndProject
Global
	GlobalSection(SolutionConfigurationPlatforms) = preSolution
		Debug|Any CPU = Debug|Any CPU
		Release|Any CPU = Release|Any CPU
	EndGlobalSection
	GlobalSection(ProjectConfigurationPlatforms) = postSolution
		{D8DECD57-D074-4FD6-B7DF-5F3313C3AD2A}.Debug|Any CPU.ActiveCfg = Debug|Any CPU
		{D8DECD57-D074-4FD6-B7DF-5F3313C3AD2A}.Debug|Any CPU.Build.0 = Debug|Any CPU
		{D8DECD57-D074-4FD6-B7DF-5F3313C3AD2A}.Release|Any CPU.ActiveCfg = Release|Any CPU
		{D8DECD57-D074-4FD6-B7DF-5F3313C3AD2A}.Release|Any CPU.Build.0 = Release|Any CPU
	EndGlobalSection
	GlobalSection(SolutionProperties) = preSolution
		HideSolutionNode = FALSE
	EndGlobalSection
	GlobalSection(ExtensibilityGlobals) = postSolution
		SolutionGuid = {8FAE9323-E0EE-4EF9-8858-0E10A1F0AF48}
	EndGlobalSection
EndGlobal
